// !$*UTF8*$!
{
	archiveVersion = 1;
	classes = {
	};
	objectVersion = 56;
	objects = {

/* Begin PBXBuildFile section */
		D317319F2B39FD2600B7C74A /* AppDelegate.swift in Sources */ = {isa = PBXBuildFile; fileRef = D317319E2B39FD2600B7C74A /* AppDelegate.swift */; };
		D31731A12B39FD2600B7C74A /* SceneDelegate.swift in Sources */ = {isa = PBXBuildFile; fileRef = D31731A02B39FD2600B7C74A /* SceneDelegate.swift */; };
		D31731A32B39FD2600B7C74A /* AuthorizationViewController.swift in Sources */ = {isa = PBXBuildFile; fileRef = D31731A22B39FD2600B7C74A /* AuthorizationViewController.swift */; };
		D31731A62B39FD2600B7C74A /* Main.storyboard in Resources */ = {isa = PBXBuildFile; fileRef = D31731A42B39FD2600B7C74A /* Main.storyboard */; };
		D31731AB2B39FD2700B7C74A /* LaunchScreen.storyboard in Resources */ = {isa = PBXBuildFile; fileRef = D31731A92B39FD2700B7C74A /* LaunchScreen.storyboard */; };
		D34FC35C2B5930DE000D5BD8 /* AboutAppViewController.swift in Sources */ = {isa = PBXBuildFile; fileRef = D34FC35B2B5930DE000D5BD8 /* AboutAppViewController.swift */; };
		D34FC3612B595600000D5BD8 /* Assets.xcassets in Resources */ = {isa = PBXBuildFile; fileRef = D34FC3602B595600000D5BD8 /* Assets.xcassets */; };
		D39DE4DC2B57E82B009CC482 /* ProgramViewController.swift in Sources */ = {isa = PBXBuildFile; fileRef = D39DE4DB2B57E82B009CC482 /* ProgramViewController.swift */; };
		D39DE4DE2B57F442009CC482 /* Data Store.swift in Sources */ = {isa = PBXBuildFile; fileRef = D39DE4DD2B57F442009CC482 /* Data Store.swift */; };
		D39DE4E12B57F46B009CC482 /* Person.swift in Sources */ = {isa = PBXBuildFile; fileRef = D39DE4E02B57F46B009CC482 /* Person.swift */; };
/* End PBXBuildFile section */

/* Begin PBXFileReference section */
		D317319B2B39FD2600B7C74A /* FitGuide.app */ = {isa = PBXFileReference; explicitFileType = wrapper.application; includeInIndex = 0; path = FitGuide.app; sourceTree = BUILT_PRODUCTS_DIR; };
		D317319E2B39FD2600B7C74A /* AppDelegate.swift */ = {isa = PBXFileReference; lastKnownFileType = sourcecode.swift; path = AppDelegate.swift; sourceTree = "<group>"; };
		D31731A02B39FD2600B7C74A /* SceneDelegate.swift */ = {isa = PBXFileReference; lastKnownFileType = sourcecode.swift; path = SceneDelegate.swift; sourceTree = "<group>"; };
		D31731A22B39FD2600B7C74A /* AuthorizationViewController.swift */ = {isa = PBXFileReference; lastKnownFileType = sourcecode.swift; path = AuthorizationViewController.swift; sourceTree = "<group>"; };
		D31731A52B39FD2600B7C74A /* Base */ = {isa = PBXFileReference; lastKnownFileType = file.storyboard; name = Base; path = Base.lproj/Main.storyboard; sourceTree = "<group>"; };
		D31731AA2B39FD2700B7C74A /* Base */ = {isa = PBXFileReference; lastKnownFileType = file.storyboard; name = Base; path = Base.lproj/LaunchScreen.storyboard; sourceTree = "<group>"; };
		D31731AC2B39FD2700B7C74A /* Info.plist */ = {isa = PBXFileReference; lastKnownFileType = text.plist.xml; path = Info.plist; sourceTree = "<group>"; };
		D34FC35B2B5930DE000D5BD8 /* AboutAppViewController.swift */ = {isa = PBXFileReference; lastKnownFileType = sourcecode.swift; path = AboutAppViewController.swift; sourceTree = "<group>"; };
		D34FC3602B595600000D5BD8 /* Assets.xcassets */ = {isa = PBXFileReference; lastKnownFileType = folder.assetcatalog; name = Assets.xcassets; path = ../../../../../Desktop/Assets.xcassets; sourceTree = "<group>"; };
		D34FC3622B6185AD000D5BD8 /* Assets.xcassets */ = {isa = PBXFileReference; lastKnownFileType = folder.assetcatalog; path = Assets.xcassets; sourceTree = "<group>"; };
		D39DE4DB2B57E82B009CC482 /* ProgramViewController.swift */ = {isa = PBXFileReference; lastKnownFileType = sourcecode.swift; path = ProgramViewController.swift; sourceTree = "<group>"; };
		D39DE4DD2B57F442009CC482 /* Data Store.swift */ = {isa = PBXFileReference; lastKnownFileType = sourcecode.swift; path = "Data Store.swift"; sourceTree = "<group>"; };
		D39DE4E02B57F46B009CC482 /* Person.swift */ = {isa = PBXFileReference; lastKnownFileType = sourcecode.swift; path = Person.swift; sourceTree = "<group>"; };
/* End PBXFileReference section */

/* Begin PBXFrameworksBuildPhase section */
		D31731982B39FD2600B7C74A /* Frameworks */ = {
			isa = PBXFrameworksBuildPhase;
			buildActionMask = 2147483647;
			files = (
			);
			runOnlyForDeploymentPostprocessing = 0;
		};
/* End PBXFrameworksBuildPhase section */

/* Begin PBXGroup section */
		D30CCA722B3A0CD70008FE9D /* Storyboards */ = {
			isa = PBXGroup;
			children = (
				D31731A42B39FD2600B7C74A /* Main.storyboard */,
				D31731A92B39FD2700B7C74A /* LaunchScreen.storyboard */,
			);
			path = Storyboards;
			sourceTree = "<group>";
		};
		D30CCA732B3A0CEE0008FE9D /* ViewControllers */ = {
			isa = PBXGroup;
			children = (
				D34FC35B2B5930DE000D5BD8 /* AboutAppViewController.swift */,
				D31731A22B39FD2600B7C74A /* AuthorizationViewController.swift */,
				D39DE4DB2B57E82B009CC482 /* ProgramViewController.swift */,
			);
			path = ViewControllers;
			sourceTree = "<group>";
		};
		D30CCA742B3A0D080008FE9D /* App */ = {
			isa = PBXGroup;
			children = (
				D34FC3602B595600000D5BD8 /* Assets.xcassets */,
				D317319E2B39FD2600B7C74A /* AppDelegate.swift */,
				D31731A02B39FD2600B7C74A /* SceneDelegate.swift */,
				D31731AC2B39FD2700B7C74A /* Info.plist */,
			);
			path = App;
			sourceTree = "<group>";
		};
		D31731922B39FD2600B7C74A = {
			isa = PBXGroup;
			children = (
				D317319D2B39FD2600B7C74A /* FitGuide */,
				D317319C2B39FD2600B7C74A /* Products */,
			);
			sourceTree = "<group>";
		};
		D317319C2B39FD2600B7C74A /* Products */ = {
			isa = PBXGroup;
			children = (
				D317319B2B39FD2600B7C74A /* FitGuide.app */,
			);
			name = Products;
			sourceTree = "<group>";
		};
		D317319D2B39FD2600B7C74A /* FitGuide */ = {
			isa = PBXGroup;
			children = (
				D30CCA732B3A0CEE0008FE9D /* ViewControllers */,
				D30CCA722B3A0CD70008FE9D /* Storyboards */,
				D39DE4E22B57F472009CC482 /* Models */,
				D39DE4DF2B57F449009CC482 /* Services */,
				D30CCA742B3A0D080008FE9D /* App */,
				D34FC3622B6185AD000D5BD8 /* Assets.xcassets */,
			);
			path = FitGuide;
			sourceTree = "<group>";
		};
		D39DE4DF2B57F449009CC482 /* Services */ = {
			isa = PBXGroup;
			children = (
				D39DE4DD2B57F442009CC482 /* Data Store.swift */,
			);
			path = Services;
			sourceTree = "<group>";
		};
		D39DE4E22B57F472009CC482 /* Models */ = {
			isa = PBXGroup;
			children = (
				D39DE4E02B57F46B009CC482 /* Person.swift */,
			);
			path = Models;
			sourceTree = "<group>";
		};
/* End PBXGroup section */

/* Begin PBXNativeTarget section */
		D317319A2B39FD2600B7C74A /* FitGuide */ = {
			isa = PBXNativeTarget;
			buildConfigurationList = D31731AF2B39FD2700B7C74A /* Build configuration list for PBXNativeTarget "FitGuide" */;
			buildPhases = (
				D31731972B39FD2600B7C74A /* Sources */,
				D31731982B39FD2600B7C74A /* Frameworks */,
				D31731992B39FD2600B7C74A /* Resources */,
			);
			buildRules = (
			);
			dependencies = (
			);
			name = FitGuide;
			productName = FitGuide;
			productReference = D317319B2B39FD2600B7C74A /* FitGuide.app */;
			productType = "com.apple.product-type.application";
		};
/* End PBXNativeTarget section */

/* Begin PBXProject section */
		D31731932B39FD2600B7C74A /* Project object */ = {
			isa = PBXProject;
			attributes = {
				BuildIndependentTargetsInParallel = 1;
				LastSwiftUpdateCheck = 1510;
				LastUpgradeCheck = 1510;
				TargetAttributes = {
					D317319A2B39FD2600B7C74A = {
						CreatedOnToolsVersion = 15.1;
					};
				};
			};
			buildConfigurationList = D31731962B39FD2600B7C74A /* Build configuration list for PBXProject "FitGuide" */;
			compatibilityVersion = "Xcode 14.0";
			developmentRegion = en;
			hasScannedForEncodings = 0;
			knownRegions = (
				en,
				Base,
			);
			mainGroup = D31731922B39FD2600B7C74A;
			productRefGroup = D317319C2B39FD2600B7C74A /* Products */;
			projectDirPath = "";
			projectRoot = "";
			targets = (
				D317319A2B39FD2600B7C74A /* FitGuide */,
			);
		};
/* End PBXProject section */

/* Begin PBXResourcesBuildPhase section */
		D31731992B39FD2600B7C74A /* Resources */ = {
			isa = PBXResourcesBuildPhase;
			buildActionMask = 2147483647;
			files = (
				D31731AB2B39FD2700B7C74A /* LaunchScreen.storyboard in Resources */,
				D34FC3612B595600000D5BD8 /* Assets.xcassets in Resources */,
				D31731A62B39FD2600B7C74A /* Main.storyboard in Resources */,
			);
			runOnlyForDeploymentPostprocessing = 0;
		};
/* End PBXResourcesBuildPhase section */

/* Begin PBXSourcesBuildPhase section */
		D31731972B39FD2600B7C74A /* Sources */ = {
			isa = PBXSourcesBuildPhase;
			buildActionMask = 2147483647;
			files = (
				D39DE4DE2B57F442009CC482 /* Data Store.swift in Sources */,
				D31731A32B39FD2600B7C74A /* AuthorizationViewController.swift in Sources */,
				D34FC35C2B5930DE000D5BD8 /* AboutAppViewController.swift in Sources */,
				D39DE4DC2B57E82B009CC482 /* ProgramViewController.swift in Sources */,
				D39DE4E12B57F46B009CC482 /* Person.swift in Sources */,
				D317319F2B39FD2600B7C74A /* AppDelegate.swift in Sources */,
				D31731A12B39FD2600B7C74A /* SceneDelegate.swift in Sources */,
			);
			runOnlyForDeploymentPostprocessing = 0;
		};
/* End PBXSourcesBuildPhase section */

/* Begin PBXVariantGroup section */
		D31731A42B39FD2600B7C74A /* Main.storyboard */ = {
			isa = PBXVariantGroup;
			children = (
				D31731A52B39FD2600B7C74A /* Base */,
			);
			name = Main.storyboard;
			sourceTree = "<group>";
		};
		D31731A92B39FD2700B7C74A /* LaunchScreen.storyboard */ = {
			isa = PBXVariantGroup;
			children = (
				D31731AA2B39FD2700B7C74A /* Base */,
			);
			name = LaunchScreen.storyboard;
			sourceTree = "<group>";
		};
/* End PBXVariantGroup section */

/* Begin XCBuildConfiguration section */
		D31731AD2B39FD2700B7C74A /* Debug */ = {
			isa = XCBuildConfiguration;
			buildSettings = {
				ALWAYS_SEARCH_USER_PATHS = NO;
				ASSETCATALOG_COMPILER_GENERATE_SWIFT_ASSET_SYMBOL_EXTENSIONS = YES;
				CLANG_ANALYZER_NONNULL = YES;
				CLANG_ANALYZER_NUMBER_OBJECT_CONVERSION = YES_AGGRESSIVE;
				CLANG_CXX_LANGUAGE_STANDARD = "gnu++20";
				CLANG_ENABLE_MODULES = YES;
				CLANG_ENABLE_OBJC_ARC = YES;
				CLANG_ENABLE_OBJC_WEAK = YES;
				CLANG_WARN_BLOCK_CAPTURE_AUTORELEASING = YES;
				CLANG_WARN_BOOL_CONVERSION = YES;
				CLANG_WARN_COMMA = YES;
				CLANG_WARN_CONSTANT_CONVERSION = YES;
				CLANG_WARN_DEPRECATED_OBJC_IMPLEMENTATIONS = YES;
				CLANG_WARN_DIRECT_OBJC_ISA_USAGE = YES_ERROR;
				CLANG_WARN_DOCUMENTATION_COMMENTS = YES;
				CLANG_WARN_EMPTY_BODY = YES;
				CLANG_WARN_ENUM_CONVERSION = YES;
				CLANG_WARN_INFINITE_RECURSION = YES;
				CLANG_WARN_INT_CONVERSION = YES;
				CLANG_WARN_NON_LITERAL_NULL_CONVERSION = YES;
				CLANG_WARN_OBJC_IMPLICIT_RETAIN_SELF = YES;
				CLANG_WARN_OBJC_LITERAL_CONVERSION = YES;
				CLANG_WARN_OBJC_ROOT_CLASS = YES_ERROR;
				CLANG_WARN_QUOTED_INCLUDE_IN_FRAMEWORK_HEADER = YES;
				CLANG_WARN_RANGE_LOOP_ANALYSIS = YES;
				CLANG_WARN_STRICT_PROTOTYPES = YES;
				CLANG_WARN_SUSPICIOUS_MOVE = YES;
				CLANG_WARN_UNGUARDED_AVAILABILITY = YES_AGGRESSIVE;
				CLANG_WARN_UNREACHABLE_CODE = YES;
				CLANG_WARN__DUPLICATE_METHOD_MATCH = YES;
				COPY_PHASE_STRIP = NO;
				DEBUG_INFORMATION_FORMAT = dwarf;
				ENABLE_STRICT_OBJC_MSGSEND = YES;
				ENABLE_TESTABILITY = YES;
				ENABLE_USER_SCRIPT_SANDBOXING = YES;
				GCC_C_LANGUAGE_STANDARD = gnu17;
				GCC_DYNAMIC_NO_PIC = NO;
				GCC_NO_COMMON_BLOCKS = YES;
				GCC_OPTIMIZATION_LEVEL = 0;
				GCC_PREPROCESSOR_DEFINITIONS = (
					"DEBUG=1",
					"$(inherited)",
				);
				GCC_WARN_64_TO_32_BIT_CONVERSION = YES;
				GCC_WARN_ABOUT_RETURN_TYPE = YES_ERROR;
				GCC_WARN_UNDECLARED_SELECTOR = YES;
				GCC_WARN_UNINITIALIZED_AUTOS = YES_AGGRESSIVE;
				GCC_WARN_UNUSED_FUNCTION = YES;
				GCC_WARN_UNUSED_VARIABLE = YES;
				IPHONEOS_DEPLOYMENT_TARGET = 17.2;
				LOCALIZATION_PREFERS_STRING_CATALOGS = YES;
				MTL_ENABLE_DEBUG_INFO = INCLUDE_SOURCE;
				MTL_FAST_MATH = YES;
				ONLY_ACTIVE_ARCH = YES;
				SDKROOT = iphoneos;
				SWIFT_ACTIVE_COMPILATION_CONDITIONS = "DEBUG $(inherited)";
				SWIFT_OPTIMIZATION_LEVEL = "-Onone";
			};
			name = Debug;
		};
		D31731AE2B39FD2700B7C74A /* Release */ = {
			isa = XCBuildConfiguration;
			buildSettings = {
				ALWAYS_SEARCH_USER_PATHS = NO;
				ASSETCATALOG_COMPILER_GENERATE_SWIFT_ASSET_SYMBOL_EXTENSIONS = YES;
				CLANG_ANALYZER_NONNULL = YES;
				CLANG_ANALYZER_NUMBER_OBJECT_CONVERSION = YES_AGGRESSIVE;
				CLANG_CXX_LANGUAGE_STANDARD = "gnu++20";
				CLANG_ENABLE_MODULES = YES;
				CLANG_ENABLE_OBJC_ARC = YES;
				CLANG_ENABLE_OBJC_WEAK = YES;
				CLANG_WARN_BLOCK_CAPTURE_AUTORELEASING = YES;
				CLANG_WARN_BOOL_CONVERSION = YES;
				CLANG_WARN_COMMA = YES;
				CLANG_WARN_CONSTANT_CONVERSION = YES;
				CLANG_WARN_DEPRECATED_OBJC_IMPLEMENTATIONS = YES;
				CLANG_WARN_DIRECT_OBJC_ISA_USAGE = YES_ERROR;
				CLANG_WARN_DOCUMENTATION_COMMENTS = YES;
				CLANG_WARN_EMPTY_BODY = YES;
				CLANG_WARN_ENUM_CONVERSION = YES;
				CLANG_WARN_INFINITE_RECURSION = YES;
				CLANG_WARN_INT_CONVERSION = YES;
				CLANG_WARN_NON_LITERAL_NULL_CONVERSION = YES;
				CLANG_WARN_OBJC_IMPLICIT_RETAIN_SELF = YES;
				CLANG_WARN_OBJC_LITERAL_CONVERSION = YES;
				CLANG_WARN_OBJC_ROOT_CLASS = YES_ERROR;
				CLANG_WARN_QUOTED_INCLUDE_IN_FRAMEWORK_HEADER = YES;
				CLANG_WARN_RANGE_LOOP_ANALYSIS = YES;
				CLANG_WARN_STRICT_PROTOTYPES = YES;
				CLANG_WARN_SUSPICIOUS_MOVE = YES;
				CLANG_WARN_UNGUARDED_AVAILABILITY = YES_AGGRESSIVE;
				CLANG_WARN_UNREACHABLE_CODE = YES;
				CLANG_WARN__DUPLICATE_METHOD_MATCH = YES;
				COPY_PHASE_STRIP = NO;
				DEBUG_INFORMATION_FORMAT = "dwarf-with-dsym";
				ENABLE_NS_ASSERTIONS = NO;
				ENABLE_STRICT_OBJC_MSGSEND = YES;
				ENABLE_USER_SCRIPT_SANDBOXING = YES;
				GCC_C_LANGUAGE_STANDARD = gnu17;
				GCC_NO_COMMON_BLOCKS = YES;
				GCC_WARN_64_TO_32_BIT_CONVERSION = YES;
				GCC_WARN_ABOUT_RETURN_TYPE = YES_ERROR;
				GCC_WARN_UNDECLARED_SELECTOR = YES;
				GCC_WARN_UNINITIALIZED_AUTOS = YES_AGGRESSIVE;
				GCC_WARN_UNUSED_FUNCTION = YES;
				GCC_WARN_UNUSED_VARIABLE = YES;
				IPHONEOS_DEPLOYMENT_TARGET = 17.2;
				LOCALIZATION_PREFERS_STRING_CATALOGS = YES;
				MTL_ENABLE_DEBUG_INFO = NO;
				MTL_FAST_MATH = YES;
				SDKROOT = iphoneos;
				SWIFT_COMPILATION_MODE = wholemodule;
				VALIDATE_PRODUCT = YES;
			};
			name = Release;
		};
		D31731B02B39FD2700B7C74A /* Debug */ = {
			isa = XCBuildConfiguration;
			buildSettings = {
				ASSETCATALOG_COMPILER_APPICON_NAME = AppIcon;
				ASSETCATALOG_COMPILER_GLOBAL_ACCENT_COLOR_NAME = AccentColor;
				CODE_SIGN_STYLE = Automatic;
				CURRENT_PROJECT_VERSION = 1;
				GENERATE_INFOPLIST_FILE = YES;
				INFOPLIST_FILE = FitGuide/App/Info.plist;
				INFOPLIST_KEY_UIApplicationSupportsIndirectInputEvents = YES;
				INFOPLIST_KEY_UILaunchStoryboardName = LaunchScreen;
				INFOPLIST_KEY_UIMainStoryboardFile = Main;
				INFOPLIST_KEY_UISupportedInterfaceOrientations = UIInterfaceOrientationPortrait;
				INFOPLIST_KEY_UISupportedInterfaceOrientations_iPad = "UIInterfaceOrientationLandscapeLeft UIInterfaceOrientationLandscapeRight UIInterfaceOrientationPortrait UIInterfaceOrientationPortraitUpsideDown";
				IPHONEOS_DEPLOYMENT_TARGET = 16.0;
				LD_RUNPATH_SEARCH_PATHS = (
					"$(inherited)",
					"@executable_path/Frameworks",
				);
				MARKETING_VERSION = 1.0;
				PRODUCT_BUNDLE_IDENTIFIER = org.balandzin.FitGuide;
				PRODUCT_NAME = "$(TARGET_NAME)";
				SUPPORTED_PLATFORMS = "iphoneos iphonesimulator";
				SUPPORTS_MACCATALYST = NO;
				SUPPORTS_MAC_DESIGNED_FOR_IPHONE_IPAD = NO;
				SWIFT_EMIT_LOC_STRINGS = YES;
				SWIFT_VERSION = 5.0;
				TARGETED_DEVICE_FAMILY = 1;
			};
			name = Debug;
		};
		D31731B12B39FD2700B7C74A /* Release */ = {
			isa = XCBuildConfiguration;
			buildSettings = {
				ASSETCATALOG_COMPILER_APPICON_NAME = AppIcon;
				ASSETCATALOG_COMPILER_GLOBAL_ACCENT_COLOR_NAME = AccentColor;
				CODE_SIGN_STYLE = Automatic;
				CURRENT_PROJECT_VERSION = 1;
				GENERATE_INFOPLIST_FILE = YES;
				INFOPLIST_FILE = FitGuide/App/Info.plist;
				INFOPLIST_KEY_UIApplicationSupportsIndirectInputEvents = YES;
				INFOPLIST_KEY_UILaunchStoryboardName = LaunchScreen;
				INFOPLIST_KEY_UIMainStoryboardFile = Main;
				INFOPLIST_KEY_UISupportedInterfaceOrientations = UIInterfaceOrientationPortrait;
				INFOPLIST_KEY_UISupportedInterfaceOrientations_iPad = "UIInterfaceOrientationLandscapeLeft UIInterfaceOrientationLandscapeRight UIInterfaceOrientationPortrait UIInterfaceOrientationPortraitUpsideDown";
				IPHONEOS_DEPLOYMENT_TARGET = 16.0;
				LD_RUNPATH_SEARCH_PATHS = (
					"$(inherited)",
					"@executable_path/Frameworks",
				);
				MARKETING_VERSION = 1.0;
				PRODUCT_BUNDLE_IDENTIFIER = org.balandzin.FitGuide;
				PRODUCT_NAME = "$(TARGET_NAME)";
				SUPPORTED_PLATFORMS = "iphoneos iphonesimulator";
				SUPPORTS_MACCATALYST = NO;
				SUPPORTS_MAC_DESIGNED_FOR_IPHONE_IPAD = NO;
				SWIFT_EMIT_LOC_STRINGS = YES;
				SWIFT_VERSION = 5.0;
				TARGETED_DEVICE_FAMILY = 1;
			};
			name = Release;
		};
/* End XCBuildConfiguration section */

/* Begin XCConfigurationList section */
		D31731962B39FD2600B7C74A /* Build configuration list for PBXProject "FitGuide" */ = {
			isa = XCConfigurationList;
			buildConfigurations = (
				D31731AD2B39FD2700B7C74A /* Debug */,
				D31731AE2B39FD2700B7C74A /* Release */,
			);
			defaultConfigurationIsVisible = 0;
			defaultConfigurationName = Release;
		};
		D31731AF2B39FD2700B7C74A /* Build configuration list for PBXNativeTarget "FitGuide" */ = {
			isa = XCConfigurationList;
			buildConfigurations = (
				D31731B02B39FD2700B7C74A /* Debug */,
				D31731B12B39FD2700B7C74A /* Release */,
			);
			defaultConfigurationIsVisible = 0;
			defaultConfigurationName = Release;
		};
/* End XCConfigurationList section */
	};
	rootObject = D31731932B39FD2600B7C74A /* Project object */;
}
